Microsoft Visual Studio Solution File, Format Version 11.00
# Visual Studio 2010
Project("{8BC9CEB8-8B4A-11D0-8D11-00A0C91BC942}") = "DropEvery12th", "DropEvery12th.vcxproj", "{728FBC79-1744-4F16-91E5-38CC97F9ECDE}"
EndProject
Global
	GlobalSection(SolutionConfigurationPlatforms) = preSolution
		Debug|Win32 = Debug|Win32
		Release|Win32 = Release|Win32
	EndGlobalSection
	GlobalSection(ProjectConfigurationPlatforms) = postSolution
		{728FBC79-1744-4F16-91E5-38CC97F9ECDE}.Debug|Win32.ActiveCfg = Debug|Win32
		{728FBC79-1744-4F16-91E5-38CC97F9ECDE}.Debug|Win32.Build.0 = Debug|Win32
		{728FBC79-1744-4F16-91E5-38CC97F9ECDE}.Release|Win32.ActiveCfg = Release|Win32
		{728FBC79-1744-4F16-91E5-38CC97F9ECDE}.Release|Win32.Build.0 = Release|Win32
	EndGlobalSection
	GlobalSection(SolutionProperties) = preSolution
		HideSolutionNode = FALSE
	EndGlobalSection
EndGlobal
